
Microsoft Visual Studio Solution File, Format Version 12.00
# Visual Studio Version 16
VisualStudioVersion = 16.0.31911.196
MinimumVisualStudioVersion = 10.0.40219.1
Project("{FAE04EC0-301F-11D3-BF4B-00C04F79EFBC}") = "RoR1SkillsPort", "RoR1SkillsPort.csproj", "{3E53164B-79D3-4862-B6EA-1C0268058E9B}"
EndProject
Global
	GlobalSection(SolutionConfigurationPlatforms) = preSolution
		Debug|Any CPU = Debug|Any CPU
		Release|Any CPU = Release|Any CPU
	EndGlobalSection
	GlobalSection(ProjectConfigurationPlatforms) = postSolution
		{3E53164B-79D3-4862-B6EA-1C0268058E9B}.Debug|Any CPU.ActiveCfg = Debug|Any CPU
		{3E53164B-79D3-4862-B6EA-1C0268058E9B}.Debug|Any CPU.Build.0 = Debug|Any CPU
		{3E53164B-79D3-4862-B6EA-1C0268058E9B}.Release|Any CPU.ActiveCfg = Release|Any CPU
		{3E53164B-79D3-4862-B6EA-1C0268058E9B}.Release|Any CPU.Build.0 = Release|Any CPU
	EndGlobalSection
	GlobalSection(SolutionProperties) = preSolution
		HideSolutionNode = FALSE
	EndGlobalSection
	GlobalSection(ExtensibilityGlobals) = postSolution
		SolutionGuid = {C259B497-EF19-4089-870A-D0A8703C1AB5}
	EndGlobalSection
EndGlobal
